
Microsoft Visual Studio Solution File, Format Version 12.00
# Visual Studio Version 17
VisualStudioVersion = 17.9.34622.214
MinimumVisualStudioVersion = 10.0.40219.1
Project("{FAE04EC0-301F-11D3-BF4B-00C04F79EFBC}") = "MoqTesting", "MoqTesting.csproj", "{1600A9AB-D86D-4021-8E4D-514B3DA494BA}"
EndProject
Project("{FAE04EC0-301F-11D3-BF4B-00C04F79EFBC}") = "MoqTestCase", "..\MoqTestCase\MoqTestCase.csproj", "{002280FE-5DF3-4014-97B3-123E99AF2177}"
EndProject
Global
	GlobalSection(SolutionConfigurationPlatforms) = preSolution
		Debug|Any CPU = Debug|Any CPU
		Release|Any CPU = Release|Any CPU
	EndGlobalSection
	GlobalSection(ProjectConfigurationPlatforms) = postSolution
		{1600A9AB-D86D-4021-8E4D-514B3DA494BA}.Debug|Any CPU.ActiveCfg = Debug|Any CPU
		{1600A9AB-D86D-4021-8E4D-514B3DA494BA}.Debug|Any CPU.Build.0 = Debug|Any CPU
		{1600A9AB-D86D-4021-8E4D-514B3DA494BA}.Release|Any CPU.ActiveCfg = Release|Any CPU
		{1600A9AB-D86D-4021-8E4D-514B3DA494BA}.Release|Any CPU.Build.0 = Release|Any CPU
		{002280FE-5DF3-4014-97B3-123E99AF2177}.Debug|Any CPU.ActiveCfg = Debug|Any CPU
		{002280FE-5DF3-4014-97B3-123E99AF2177}.Debug|Any CPU.Build.0 = Debug|Any CPU
		{002280FE-5DF3-4014-97B3-123E99AF2177}.Release|Any CPU.ActiveCfg = Release|Any CPU
		{002280FE-5DF3-4014-97B3-123E99AF2177}.Release|Any CPU.Build.0 = Release|Any CPU
	EndGlobalSection
	GlobalSection(SolutionProperties) = preSolution
		HideSolutionNode = FALSE
	EndGlobalSection
	GlobalSection(ExtensibilityGlobals) = postSolution
		SolutionGuid = {2F41666F-AF3A-4E29-81CF-EA7277B73513}
	EndGlobalSection
EndGlobal
